
Microsoft Visual Studio Solution File, Format Version 12.00
# Visual Studio Version 17
VisualStudioVersion = 17.10.35122.118
MinimumVisualStudioVersion = 10.0.40219.1
Project("{FAE04EC0-301F-11D3-BF4B-00C04F79EFBC}") = "Encadenamiento", "Encadenamiento\Encadenamiento.csproj", "{C8E8FE88-A95D-48D4-B943-909F296A1020}"
EndProject
Global
	GlobalSection(SolutionConfigurationPlatforms) = preSolution
		Debug|Any CPU = Debug|Any CPU
		Release|Any CPU = Release|Any CPU
	EndGlobalSection
	GlobalSection(ProjectConfigurationPlatforms) = postSolution
		{C8E8FE88-A95D-48D4-B943-909F296A1020}.Debug|Any CPU.ActiveCfg = Debug|Any CPU
		{C8E8FE88-A95D-48D4-B943-909F296A1020}.Debug|Any CPU.Build.0 = Debug|Any CPU
		{C8E8FE88-A95D-48D4-B943-909F296A1020}.Release|Any CPU.ActiveCfg = Release|Any CPU
		{C8E8FE88-A95D-48D4-B943-909F296A1020}.Release|Any CPU.Build.0 = Release|Any CPU
	EndGlobalSection
	GlobalSection(SolutionProperties) = preSolution
		HideSolutionNode = FALSE
	EndGlobalSection
	GlobalSection(ExtensibilityGlobals) = postSolution
		SolutionGuid = {84A9C835-3231-41CB-AAA7-6846613F2C43}
	EndGlobalSection
EndGlobal
